
Microsoft Visual Studio Solution File, Format Version 12.00
# Visual Studio Version 17
VisualStudioVersion = 17.7.34024.191
MinimumVisualStudioVersion = 10.0.40219.1
Project("{FAE04EC0-301F-11D3-BF4B-00C04F79EFBC}") = "Chessboard", "Chessboard\Chessboard.csproj", "{A5B18A69-7F26-4F58-BDE7-E377512E3993}"
EndProject
Global
	GlobalSection(SolutionConfigurationPlatforms) = preSolution
		Debug|Any CPU = Debug|Any CPU
		Release|Any CPU = Release|Any CPU
	EndGlobalSection
	GlobalSection(ProjectConfigurationPlatforms) = postSolution
		{A5B18A69-7F26-4F58-BDE7-E377512E3993}.Debug|Any CPU.ActiveCfg = Debug|Any CPU
		{A5B18A69-7F26-4F58-BDE7-E377512E3993}.Debug|Any CPU.Build.0 = Debug|Any CPU
		{A5B18A69-7F26-4F58-BDE7-E377512E3993}.Release|Any CPU.ActiveCfg = Release|Any CPU
		{A5B18A69-7F26-4F58-BDE7-E377512E3993}.Release|Any CPU.Build.0 = Release|Any CPU
	EndGlobalSection
	GlobalSection(SolutionProperties) = preSolution
		HideSolutionNode = FALSE
	EndGlobalSection
	GlobalSection(ExtensibilityGlobals) = postSolution
		SolutionGuid = {30EF01FA-D759-412F-9609-597275BFC40D}
	EndGlobalSection
EndGlobal
